// !$*UTF8*$!
{
	archiveVersion = 1;
	classes = {
	};
	objectVersion = 50;
	objects = {

/* Begin PBXBuildFile section */
		0C9352D425D4FD560005CAA1 /* toDoListTableViewCell.swift in Sources */ = {isa = PBXBuildFile; fileRef = 0C9352D325D4FD560005CAA1 /* toDoListTableViewCell.swift */; };
		0CCB6B8725D6B40800A3BDC6 /* ImageGallaryCollectionViewController.swift in Sources */ = {isa = PBXBuildFile; fileRef = 0CCB6B8625D6B40800A3BDC6 /* ImageGallaryCollectionViewController.swift */; };
		0CCB6B8925D6B76400A3BDC6 /* imageGallaryCollectionViewCell.swift in Sources */ = {isa = PBXBuildFile; fileRef = 0CCB6B8825D6B76400A3BDC6 /* imageGallaryCollectionViewCell.swift */; };
		0CCC697E25D3FED1002B15B9 /* AppDelegate.swift in Sources */ = {isa = PBXBuildFile; fileRef = 0CCC697D25D3FED1002B15B9 /* AppDelegate.swift */; };
		0CCC698025D3FED1002B15B9 /* SceneDelegate.swift in Sources */ = {isa = PBXBuildFile; fileRef = 0CCC697F25D3FED1002B15B9 /* SceneDelegate.swift */; };
		0CCC698225D3FED1002B15B9 /* ViewController.swift in Sources */ = {isa = PBXBuildFile; fileRef = 0CCC698125D3FED1002B15B9 /* ViewController.swift */; };
		0CCC698525D3FED1002B15B9 /* Main.storyboard in Resources */ = {isa = PBXBuildFile; fileRef = 0CCC698325D3FED1002B15B9 /* Main.storyboard */; };
		0CCC698725D3FEE0002B15B9 /* Assets.xcassets in Resources */ = {isa = PBXBuildFile; fileRef = 0CCC698625D3FEE0002B15B9 /* Assets.xcassets */; };
		0CCC698A25D3FEE0002B15B9 /* LaunchScreen.storyboard in Resources */ = {isa = PBXBuildFile; fileRef = 0CCC698825D3FEE0002B15B9 /* LaunchScreen.storyboard */; };
		0CCC699225D406FA002B15B9 /* GlobalData.swift in Sources */ = {isa = PBXBuildFile; fileRef = 0CCC699125D406FA002B15B9 /* GlobalData.swift */; };
/* End PBXBuildFile section */

/* Begin PBXFileReference section */
		0C9352D325D4FD560005CAA1 /* toDoListTableViewCell.swift */ = {isa = PBXFileReference; lastKnownFileType = sourcecode.swift; path = toDoListTableViewCell.swift; sourceTree = "<group>"; };
		0CCB6B8625D6B40800A3BDC6 /* ImageGallaryCollectionViewController.swift */ = {isa = PBXFileReference; lastKnownFileType = sourcecode.swift; path = ImageGallaryCollectionViewController.swift; sourceTree = "<group>"; };
		0CCB6B8825D6B76400A3BDC6 /* imageGallaryCollectionViewCell.swift */ = {isa = PBXFileReference; lastKnownFileType = sourcecode.swift; path = imageGallaryCollectionViewCell.swift; sourceTree = "<group>"; };
		0CCC697A25D3FED1002B15B9 /* toDoListWithMyProfileAndImageGallary.app */ = {isa = PBXFileReference; explicitFileType = wrapper.application; includeInIndex = 0; path = toDoListWithMyProfileAndImageGallary.app; sourceTree = BUILT_PRODUCTS_DIR; };
		0CCC697D25D3FED1002B15B9 /* AppDelegate.swift */ = {isa = PBXFileReference; lastKnownFileType = sourcecode.swift; path = AppDelegate.swift; sourceTree = "<group>"; };
		0CCC697F25D3FED1002B15B9 /* SceneDelegate.swift */ = {isa = PBXFileReference; lastKnownFileType = sourcecode.swift; path = SceneDelegate.swift; sourceTree = "<group>"; };
		0CCC698125D3FED1002B15B9 /* ViewController.swift */ = {isa = PBXFileReference; lastKnownFileType = sourcecode.swift; path = ViewController.swift; sourceTree = "<group>"; };
		0CCC698425D3FED1002B15B9 /* Base */ = {isa = PBXFileReference; lastKnownFileType = file.storyboard; name = Base; path = Base.lproj/Main.storyboard; sourceTree = "<group>"; };
		0CCC698625D3FEE0002B15B9 /* Assets.xcassets */ = {isa = PBXFileReference; lastKnownFileType = folder.assetcatalog; path = Assets.xcassets; sourceTree = "<group>"; };
		0CCC698925D3FEE0002B15B9 /* Base */ = {isa = PBXFileReference; lastKnownFileType = file.storyboard; name = Base; path = Base.lproj/LaunchScreen.storyboard; sourceTree = "<group>"; };
		0CCC698B25D3FEE0002B15B9 /* Info.plist */ = {isa = PBXFileReference; lastKnownFileType = text.plist.xml; path = Info.plist; sourceTree = "<group>"; };
		0CCC699125D406FA002B15B9 /* GlobalData.swift */ = {isa = PBXFileReference; lastKnownFileType = sourcecode.swift; path = GlobalData.swift; sourceTree = "<group>"; };
/* End PBXFileReference section */

/* Begin PBXFrameworksBuildPhase section */
		0CCC697725D3FED1002B15B9 /* Frameworks */ = {
			isa = PBXFrameworksBuildPhase;
			buildActionMask = 2147483647;
			files = (
			);
			runOnlyForDeploymentPostprocessing = 0;
		};
/* End PBXFrameworksBuildPhase section */

/* Begin PBXGroup section */
		0CCC697125D3FED1002B15B9 = {
			isa = PBXGroup;
			children = (
				0CCC697C25D3FED1002B15B9 /* toDoListWithMyProfileAndImageGallary */,
				0CCC697B25D3FED1002B15B9 /* Products */,
			);
			sourceTree = "<group>";
		};
		0CCC697B25D3FED1002B15B9 /* Products */ = {
			isa = PBXGroup;
			children = (
				0CCC697A25D3FED1002B15B9 /* toDoListWithMyProfileAndImageGallary.app */,
			);
			name = Products;
			sourceTree = "<group>";
		};
		0CCC697C25D3FED1002B15B9 /* toDoListWithMyProfileAndImageGallary */ = {
			isa = PBXGroup;
			children = (
				0CCC697D25D3FED1002B15B9 /* AppDelegate.swift */,
				0CCC697F25D3FED1002B15B9 /* SceneDelegate.swift */,
				0CCC698125D3FED1002B15B9 /* ViewController.swift */,
				0C9352D325D4FD560005CAA1 /* toDoListTableViewCell.swift */,
				0CCC698325D3FED1002B15B9 /* Main.storyboard */,
				0CCC698625D3FEE0002B15B9 /* Assets.xcassets */,
				0CCC698825D3FEE0002B15B9 /* LaunchScreen.storyboard */,
				0CCC698B25D3FEE0002B15B9 /* Info.plist */,
				0CCC699125D406FA002B15B9 /* GlobalData.swift */,
				0CCB6B8625D6B40800A3BDC6 /* ImageGallaryCollectionViewController.swift */,
				0CCB6B8825D6B76400A3BDC6 /* imageGallaryCollectionViewCell.swift */,
			);
			path = toDoListWithMyProfileAndImageGallary;
			sourceTree = "<group>";
		};
/* End PBXGroup section */

/* Begin PBXNativeTarget section */
		0CCC697925D3FED1002B15B9 /* toDoListWithMyProfileAndImageGallary */ = {
			isa = PBXNativeTarget;
			buildConfigurationList = 0CCC698E25D3FEE0002B15B9 /* Build configuration list for PBXNativeTarget "toDoListWithMyProfileAndImageGallary" */;
			buildPhases = (
				0CCC697625D3FED1002B15B9 /* Sources */,
				0CCC697725D3FED1002B15B9 /* Frameworks */,
				0CCC697825D3FED1002B15B9 /* Resources */,
			);
			buildRules = (
			);
			dependencies = (
			);
			name = toDoListWithMyProfileAndImageGallary;
			productName = toDoListWithMyProfileAndImageGallary;
			productReference = 0CCC697A25D3FED1002B15B9 /* toDoListWithMyProfileAndImageGallary.app */;
			productType = "com.apple.product-type.application";
		};
/* End PBXNativeTarget section */

/* Begin PBXProject section */
		0CCC697225D3FED1002B15B9 /* Project object */ = {
			isa = PBXProject;
			attributes = {
				LastSwiftUpdateCheck = 1130;
				LastUpgradeCheck = 1130;
				ORGANIZATIONNAME = iPHTech20;
				TargetAttributes = {
					0CCC697925D3FED1002B15B9 = {
						CreatedOnToolsVersion = 11.3.1;
					};
				};
			};
			buildConfigurationList = 0CCC697525D3FED1002B15B9 /* Build configuration list for PBXProject "toDoListWithMyProfileAndImageGallary" */;
			compatibilityVersion = "Xcode 9.3";
			developmentRegion = en;
			hasScannedForEncodings = 0;
			knownRegions = (
				en,
				Base,
			);
			mainGroup = 0CCC697125D3FED1002B15B9;
			productRefGroup = 0CCC697B25D3FED1002B15B9 /* Products */;
			projectDirPath = "";
			projectRoot = "";
			targets = (
				0CCC697925D3FED1002B15B9 /* toDoListWithMyProfileAndImageGallary */,
			);
		};
/* End PBXProject section */

/* Begin PBXResourcesBuildPhase section */
		0CCC697825D3FED1002B15B9 /* Resources */ = {
			isa = PBXResourcesBuildPhase;
			buildActionMask = 2147483647;
			files = (
				0CCC698A25D3FEE0002B15B9 /* LaunchScreen.storyboard in Resources */,
				0CCC698725D3FEE0002B15B9 /* Assets.xcassets in Resources */,
				0CCC698525D3FED1002B15B9 /* Main.storyboard in Resources */,
			);
			runOnlyForDeploymentPostprocessing = 0;
		};
/* End PBXResourcesBuildPhase section */

/* Begin PBXSourcesBuildPhase section */
		0CCC697625D3FED1002B15B9 /* Sources */ = {
			isa = PBXSourcesBuildPhase;
			buildActionMask = 2147483647;
			files = (
				0CCC698225D3FED1002B15B9 /* ViewController.swift in Sources */,
				0CCC697E25D3FED1002B15B9 /* AppDelegate.swift in Sources */,
				0CCC699225D406FA002B15B9 /* GlobalData.swift in Sources */,
				0CCB6B8925D6B76400A3BDC6 /* imageGallaryCollectionViewCell.swift in Sources */,
				0C9352D425D4FD560005CAA1 /* toDoListTableViewCell.swift in Sources */,
				0CCC698025D3FED1002B15B9 /* SceneDelegate.swift in Sources */,
				0CCB6B8725D6B40800A3BDC6 /* ImageGallaryCollectionViewController.swift in Sources */,
			);
			runOnlyForDeploymentPostprocessing = 0;
		};
/* End PBXSourcesBuildPhase section */

/* Begin PBXVariantGroup section */
		0CCC698325D3FED1002B15B9 /* Main.storyboard */ = {
			isa = PBXVariantGroup;
			children = (
				0CCC698425D3FED1002B15B9 /* Base */,
			);
			name = Main.storyboard;
			sourceTree = "<group>";
		};
		0CCC698825D3FEE0002B15B9 /* LaunchScreen.storyboard */ = {
			isa = PBXVariantGroup;
			children = (
				0CCC698925D3FEE0002B15B9 /* Base */,
			);
			name = LaunchScreen.storyboard;
			sourceTree = "<group>";
		};
/* End PBXVariantGroup section */

/* Begin XCBuildConfiguration section */
		0CCC698C25D3FEE0002B15B9 /* Debug */ = {
			isa = XCBuildConfiguration;
			buildSettings = {
				ALWAYS_SEARCH_USER_PATHS = NO;
				CLANG_ANALYZER_NONNULL = YES;
				CLANG_ANALYZER_NUMBER_OBJECT_CONVERSION = YES_AGGRESSIVE;
				CLANG_CXX_LANGUAGE_STANDARD = "gnu++14";
				CLANG_CXX_LIBRARY = "libc++";
				CLANG_ENABLE_MODULES = YES;
				CLANG_ENABLE_OBJC_ARC = YES;
				CLANG_ENABLE_OBJC_WEAK = YES;
				CLANG_WARN_BLOCK_CAPTURE_AUTORELEASING = YES;
				CLANG_WARN_BOOL_CONVERSION = YES;
				CLANG_WARN_COMMA = YES;
				CLANG_WARN_CONSTANT_CONVERSION = YES;
				CLANG_WARN_DEPRECATED_OBJC_IMPLEMENTATIONS = YES;
				CLANG_WARN_DIRECT_OBJC_ISA_USAGE = YES_ERROR;
				CLANG_WARN_DOCUMENTATION_COMMENTS = YES;
				CLANG_WARN_EMPTY_BODY = YES;
				CLANG_WARN_ENUM_CONVERSION = YES;
				CLANG_WARN_INFINITE_RECURSION = YES;
				CLANG_WARN_INT_CONVERSION = YES;
				CLANG_WARN_NON_LITERAL_NULL_CONVERSION = YES;
				CLANG_WARN_OBJC_IMPLICIT_RETAIN_SELF = YES;
				CLANG_WARN_OBJC_LITERAL_CONVERSION = YES;
				CLANG_WARN_OBJC_ROOT_CLASS = YES_ERROR;
				CLANG_WARN_RANGE_LOOP_ANALYSIS = YES;
				CLANG_WARN_STRICT_PROTOTYPES = YES;
				CLANG_WARN_SUSPICIOUS_MOVE = YES;
				CLANG_WARN_UNGUARDED_AVAILABILITY = YES_AGGRESSIVE;
				CLANG_WARN_UNREACHABLE_CODE = YES;
				CLANG_WARN__DUPLICATE_METHOD_MATCH = YES;
				COPY_PHASE_STRIP = NO;
				DEBUG_INFORMATION_FORMAT = dwarf;
				ENABLE_STRICT_OBJC_MSGSEND = YES;
				ENABLE_TESTABILITY = YES;
				GCC_C_LANGUAGE_STANDARD = gnu11;
				GCC_DYNAMIC_NO_PIC = NO;
				GCC_NO_COMMON_BLOCKS = YES;
				GCC_OPTIMIZATION_LEVEL = 0;
				GCC_PREPROCESSOR_DEFINITIONS = (
					"DEBUG=1",
					"$(inherited)",
				);
				GCC_WARN_64_TO_32_BIT_CONVERSION = YES;
				GCC_WARN_ABOUT_RETURN_TYPE = YES_ERROR;
				GCC_WARN_UNDECLARED_SELECTOR = YES;
				GCC_WARN_UNINITIALIZED_AUTOS = YES_AGGRESSIVE;
				GCC_WARN_UNUSED_FUNCTION = YES;
				GCC_WARN_UNUSED_VARIABLE = YES;
				IPHONEOS_DEPLOYMENT_TARGET = 13.2;
				MTL_ENABLE_DEBUG_INFO = INCLUDE_SOURCE;
				MTL_FAST_MATH = YES;
				ONLY_ACTIVE_ARCH = YES;
				SDKROOT = iphoneos;
				SWIFT_ACTIVE_COMPILATION_CONDITIONS = DEBUG;
				SWIFT_OPTIMIZATION_LEVEL = "-Onone";
			};
			name = Debug;
		};
		0CCC698D25D3FEE0002B15B9 /* Release */ = {
			isa = XCBuildConfiguration;
			buildSettings = {
				ALWAYS_SEARCH_USER_PATHS = NO;
				CLANG_ANALYZER_NONNULL = YES;
				CLANG_ANALYZER_NUMBER_OBJECT_CONVERSION = YES_AGGRESSIVE;
				CLANG_CXX_LANGUAGE_STANDARD = "gnu++14";
				CLANG_CXX_LIBRARY = "libc++";
				CLANG_ENABLE_MODULES = YES;
				CLANG_ENABLE_OBJC_ARC = YES;
				CLANG_ENABLE_OBJC_WEAK = YES;
				CLANG_WARN_BLOCK_CAPTURE_AUTORELEASING = YES;
				CLANG_WARN_BOOL_CONVERSION = YES;
				CLANG_WARN_COMMA = YES;
				CLANG_WARN_CONSTANT_CONVERSION = YES;
				CLANG_WARN_DEPRECATED_OBJC_IMPLEMENTATIONS = YES;
				CLANG_WARN_DIRECT_OBJC_ISA_USAGE = YES_ERROR;
				CLANG_WARN_DOCUMENTATION_COMMENTS = YES;
				CLANG_WARN_EMPTY_BODY = YES;
				CLANG_WARN_ENUM_CONVERSION = YES;
				CLANG_WARN_INFINITE_RECURSION = YES;
				CLANG_WARN_INT_CONVERSION = YES;
				CLANG_WARN_NON_LITERAL_NULL_CONVERSION = YES;
				CLANG_WARN_OBJC_IMPLICIT_RETAIN_SELF = YES;
				CLANG_WARN_OBJC_LITERAL_CONVERSION = YES;
				CLANG_WARN_OBJC_ROOT_CLASS = YES_ERROR;
				CLANG_WARN_RANGE_LOOP_ANALYSIS = YES;
				CLANG_WARN_STRICT_PROTOTYPES = YES;
				CLANG_WARN_SUSPICIOUS_MOVE = YES;
				CLANG_WARN_UNGUARDED_AVAILABILITY = YES_AGGRESSIVE;
				CLANG_WARN_UNREACHABLE_CODE = YES;
				CLANG_WARN__DUPLICATE_METHOD_MATCH = YES;
				COPY_PHASE_STRIP = NO;
				DEBUG_INFORMATION_FORMAT = "dwarf-with-dsym";
				ENABLE_NS_ASSERTIONS = NO;
				ENABLE_STRICT_OBJC_MSGSEND = YES;
				GCC_C_LANGUAGE_STANDARD = gnu11;
				GCC_NO_COMMON_BLOCKS = YES;
				GCC_WARN_64_TO_32_BIT_CONVERSION = YES;
				GCC_WARN_ABOUT_RETURN_TYPE = YES_ERROR;
				GCC_WARN_UNDECLARED_SELECTOR = YES;
				GCC_WARN_UNINITIALIZED_AUTOS = YES_AGGRESSIVE;
				GCC_WARN_UNUSED_FUNCTION = YES;
				GCC_WARN_UNUSED_VARIABLE = YES;
				IPHONEOS_DEPLOYMENT_TARGET = 13.2;
				MTL_ENABLE_DEBUG_INFO = NO;
				MTL_FAST_MATH = YES;
				SDKROOT = iphoneos;
				SWIFT_COMPILATION_MODE = wholemodule;
				SWIFT_OPTIMIZATION_LEVEL = "-O";
				VALIDATE_PRODUCT = YES;
			};
			name = Release;
		};
		0CCC698F25D3FEE0002B15B9 /* Debug */ = {
			isa = XCBuildConfiguration;
			buildSettings = {
				ASSETCATALOG_COMPILER_APPICON_NAME = AppIcon;
				CODE_SIGN_STYLE = Automatic;
				INFOPLIST_FILE = toDoListWithMyProfileAndImageGallary/Info.plist;
				LD_RUNPATH_SEARCH_PATHS = (
					"$(inherited)",
					"@executable_path/Frameworks",
				);
				PRODUCT_BUNDLE_IDENTIFIER = com.iphs.toDoListWithMyProfileAndImageGallary;
				PRODUCT_NAME = "$(TARGET_NAME)";
				SWIFT_VERSION = 5.0;
				TARGETED_DEVICE_FAMILY = "1,2";
			};
			name = Debug;
		};
		0CCC699025D3FEE0002B15B9 /* Release */ = {
			isa = XCBuildConfiguration;
			buildSettings = {
				ASSETCATALOG_COMPILER_APPICON_NAME = AppIcon;
				CODE_SIGN_STYLE = Automatic;
				INFOPLIST_FILE = toDoListWithMyProfileAndImageGallary/Info.plist;
				LD_RUNPATH_SEARCH_PATHS = (
					"$(inherited)",
					"@executable_path/Frameworks",
				);
				PRODUCT_BUNDLE_IDENTIFIER = com.iphs.toDoListWithMyProfileAndImageGallary;
				PRODUCT_NAME = "$(TARGET_NAME)";
				SWIFT_VERSION = 5.0;
				TARGETED_DEVICE_FAMILY = "1,2";
			};
			name = Release;
		};
/* End XCBuildConfiguration section */

/* Begin XCConfigurationList section */
		0CCC697525D3FED1002B15B9 /* Build configuration list for PBXProject "toDoListWithMyProfileAndImageGallary" */ = {
			isa = XCConfigurationList;
			buildConfigurations = (
				0CCC698C25D3FEE0002B15B9 /* Debug */,
				0CCC698D25D3FEE0002B15B9 /* Release */,
			);
			defaultConfigurationIsVisible = 0;
			defaultConfigurationName = Release;
		};
		0CCC698E25D3FEE0002B15B9 /* Build configuration list for PBXNativeTarget "toDoListWithMyProfileAndImageGallary" */ = {
			isa = XCConfigurationList;
			buildConfigurations = (
				0CCC698F25D3FEE0002B15B9 /* Debug */,
				0CCC699025D3FEE0002B15B9 /* Release */,
			);
			defaultConfigurationIsVisible = 0;
			defaultConfigurationName = Release;
		};
/* End XCConfigurationList section */
	};
	rootObject = 0CCC697225D3FED1002B15B9 /* Project object */;
}
